
Microsoft Visual Studio Solution File, Format Version 12.00
Project("{FAE04EC0-301F-11D3-BF4B-00C04F79EFBC}") = "DatabaseTest", "DatabaseTest\DatabaseTest.csproj", "{D255666F-8C0E-42D7-B2CC-23767AD7E3F5}"
EndProject
Global
	GlobalSection(SolutionConfigurationPlatforms) = preSolution
		Debug|Any CPU = Debug|Any CPU
		Release|Any CPU = Release|Any CPU
	EndGlobalSection
	GlobalSection(ProjectConfigurationPlatforms) = postSolution
		{D255666F-8C0E-42D7-B2CC-23767AD7E3F5}.Debug|Any CPU.ActiveCfg = Debug|Any CPU
		{D255666F-8C0E-42D7-B2CC-23767AD7E3F5}.Debug|Any CPU.Build.0 = Debug|Any CPU
		{D255666F-8C0E-42D7-B2CC-23767AD7E3F5}.Release|Any CPU.ActiveCfg = Release|Any CPU
		{D255666F-8C0E-42D7-B2CC-23767AD7E3F5}.Release|Any CPU.Build.0 = Release|Any CPU
	EndGlobalSection
EndGlobal
