
Microsoft Visual Studio Solution File, Format Version 12.00
Project("{FAE04EC0-301F-11D3-BF4B-00C04F79EFBC}") = "BinaryTree", "BinaryTree\BinaryTree.csproj", "{1DFE8E9C-44AD-4574-A8FB-FC4CC8B4EE69}"
EndProject
Global
	GlobalSection(SolutionConfigurationPlatforms) = preSolution
		Debug|Any CPU = Debug|Any CPU
		Release|Any CPU = Release|Any CPU
	EndGlobalSection
	GlobalSection(ProjectConfigurationPlatforms) = postSolution
		{1DFE8E9C-44AD-4574-A8FB-FC4CC8B4EE69}.Debug|Any CPU.ActiveCfg = Debug|Any CPU
		{1DFE8E9C-44AD-4574-A8FB-FC4CC8B4EE69}.Debug|Any CPU.Build.0 = Debug|Any CPU
		{1DFE8E9C-44AD-4574-A8FB-FC4CC8B4EE69}.Release|Any CPU.ActiveCfg = Release|Any CPU
		{1DFE8E9C-44AD-4574-A8FB-FC4CC8B4EE69}.Release|Any CPU.Build.0 = Release|Any CPU
	EndGlobalSection
EndGlobal
