
Microsoft Visual Studio Solution File, Format Version 12.00
# Visual Studio Version 16
VisualStudioVersion = 25.0.1706.3
MinimumVisualStudioVersion = 10.0.40219.1
Project("{FAE04EC0-301F-11D3-BF4B-00C04F79EFBC}") = "Error Correcting", "Error Correcting\Error Correcting.csproj", "{DA1165F2-687B-44A7-86C8-BF8DB1673EE7}"
EndProject
Global
	GlobalSection(SolutionConfigurationPlatforms) = preSolution
		Debug|Any CPU = Debug|Any CPU
		Release|Any CPU = Release|Any CPU
	EndGlobalSection
	GlobalSection(ProjectConfigurationPlatforms) = postSolution
		{DA1165F2-687B-44A7-86C8-BF8DB1673EE7}.Debug|Any CPU.ActiveCfg = Debug|Any CPU
		{DA1165F2-687B-44A7-86C8-BF8DB1673EE7}.Debug|Any CPU.Build.0 = Debug|Any CPU
		{DA1165F2-687B-44A7-86C8-BF8DB1673EE7}.Release|Any CPU.ActiveCfg = Release|Any CPU
		{DA1165F2-687B-44A7-86C8-BF8DB1673EE7}.Release|Any CPU.Build.0 = Release|Any CPU
	EndGlobalSection
	GlobalSection(SolutionProperties) = preSolution
		HideSolutionNode = FALSE
	EndGlobalSection
	GlobalSection(ExtensibilityGlobals) = postSolution
		SolutionGuid = {2205C4FE-5F39-438C-85D1-BEA4B34DBD5A}
	EndGlobalSection
EndGlobal
